
Microsoft Visual Studio Solution File, Format Version 12.00
# Visual Studio Version 16
VisualStudioVersion = 16.0.32413.511
MinimumVisualStudioVersion = 10.0.40219.1
Project("{FAE04EC0-301F-11D3-BF4B-00C04F79EFBC}") = "AtelierPro1", "AtelierPro1.csproj", "{8FA2FACF-77B2-4C8D-81AD-4D6CAA70AC97}"
EndProject
Global
	GlobalSection(SolutionConfigurationPlatforms) = preSolution
		Debug|Any CPU = Debug|Any CPU
		Release|Any CPU = Release|Any CPU
	EndGlobalSection
	GlobalSection(ProjectConfigurationPlatforms) = postSolution
		{8FA2FACF-77B2-4C8D-81AD-4D6CAA70AC97}.Debug|Any CPU.ActiveCfg = Debug|Any CPU
		{8FA2FACF-77B2-4C8D-81AD-4D6CAA70AC97}.Debug|Any CPU.Build.0 = Debug|Any CPU
		{8FA2FACF-77B2-4C8D-81AD-4D6CAA70AC97}.Release|Any CPU.ActiveCfg = Release|Any CPU
		{8FA2FACF-77B2-4C8D-81AD-4D6CAA70AC97}.Release|Any CPU.Build.0 = Release|Any CPU
	EndGlobalSection
	GlobalSection(SolutionProperties) = preSolution
		HideSolutionNode = FALSE
	EndGlobalSection
	GlobalSection(ExtensibilityGlobals) = postSolution
		SolutionGuid = {B5F74921-27FB-46C8-B715-122A0FCD3F9D}
	EndGlobalSection
EndGlobal
